
Microsoft Visual Studio Solution File, Format Version 12.00
# Visual Studio 15
VisualStudioVersion = 15.0.27004.2008
MinimumVisualStudioVersion = 10.0.40219.1
Project("{FAE04EC0-301F-11D3-BF4B-00C04F79EFBC}") = "HmhengXamBot.Android", "HmhengXamBot\HmhengXamBot.Android\HmhengXamBot.Android.csproj", "{C557759D-A269-4333-832C-3685BDB1DDB3}"
EndProject
Project("{FAE04EC0-301F-11D3-BF4B-00C04F79EFBC}") = "HmhengXamBot.iOS", "HmhengXamBot\HmhengXamBot.iOS\HmhengXamBot.iOS.csproj", "{5D992819-77AC-4A26-B5BE-0A9DD4C4B446}"
EndProject
Project("{9A19103F-16F7-4668-BE54-9A1E7A4F7556}") = "HmhengXamBot.Core", "HmhengXamBot\HmhengXamBot.Core\HmhengXamBot.Core.csproj", "{C14C00FD-EC39-4254-82EB-74333ED45DBB}"
EndProject
Global
	GlobalSection(SolutionConfigurationPlatforms) = preSolution
		Ad-Hoc|Any CPU = Ad-Hoc|Any CPU
		Ad-Hoc|ARM = Ad-Hoc|ARM
		Ad-Hoc|iPhone = Ad-Hoc|iPhone
		Ad-Hoc|iPhoneSimulator = Ad-Hoc|iPhoneSimulator
		Ad-Hoc|x64 = Ad-Hoc|x64
		Ad-Hoc|x86 = Ad-Hoc|x86
		AppStore|Any CPU = AppStore|Any CPU
		AppStore|ARM = AppStore|ARM
		AppStore|iPhone = AppStore|iPhone
		AppStore|iPhoneSimulator = AppStore|iPhoneSimulator
		AppStore|x64 = AppStore|x64
		AppStore|x86 = AppStore|x86
		Debug|Any CPU = Debug|Any CPU
		Debug|ARM = Debug|ARM
		Debug|iPhone = Debug|iPhone
		Debug|iPhoneSimulator = Debug|iPhoneSimulator
		Debug|x64 = Debug|x64
		Debug|x86 = Debug|x86
		Release|Any CPU = Release|Any CPU
		Release|ARM = Release|ARM
		Release|iPhone = Release|iPhone
		Release|iPhoneSimulator = Release|iPhoneSimulator
		Release|x64 = Release|x64
		Release|x86 = Release|x86
	EndGlobalSection
	GlobalSection(ProjectConfigurationPlatforms) = postSolution
		{C557759D-A269-4333-832C-3685BDB1DDB3}.Ad-Hoc|Any CPU.ActiveCfg = Release|Any CPU
		{C557759D-A269-4333-832C-3685BDB1DDB3}.Ad-Hoc|Any CPU.Build.0 = Release|Any CPU
		{C557759D-A269-4333-832C-3685BDB1DDB3}.Ad-Hoc|Any CPU.Deploy.0 = Release|Any CPU
		{C557759D-A269-4333-832C-3685BDB1DDB3}.Ad-Hoc|ARM.ActiveCfg = Release|Any CPU
		{C557759D-A269-4333-832C-3685BDB1DDB3}.Ad-Hoc|ARM.Build.0 = Release|Any CPU
		{C557759D-A269-4333-832C-3685BDB1DDB3}.Ad-Hoc|ARM.Deploy.0 = Release|Any CPU
		{C557759D-A269-4333-832C-3685BDB1DDB3}.Ad-Hoc|iPhone.ActiveCfg = Release|Any CPU
		{C557759D-A269-4333-832C-3685BDB1DDB3}.Ad-Hoc|iPhone.Build.0 = Release|Any CPU
		{C557759D-A269-4333-832C-3685BDB1DDB3}.Ad-Hoc|iPhone.Deploy.0 = Release|Any CPU
		{C557759D-A269-4333-832C-3685BDB1DDB3}.Ad-Hoc|iPhoneSimulator.ActiveCfg = Release|Any CPU
		{C557759D-A269-4333-832C-3685BDB1DDB3}.Ad-Hoc|iPhoneSimulator.Build.0 = Release|Any CPU
		{C557759D-A269-4333-832C-3685BDB1DDB3}.Ad-Hoc|iPhoneSimulator.Deploy.0 = Release|Any CPU
		{C557759D-A269-4333-832C-3685BDB1DDB3}.Ad-Hoc|x64.ActiveCfg = Release|Any CPU
		{C557759D-A269-4333-832C-3685BDB1DDB3}.Ad-Hoc|x64.Build.0 = Release|Any CPU
		{C557759D-A269-4333-832C-3685BDB1DDB3}.Ad-Hoc|x64.Deploy.0 = Release|Any CPU
		{C557759D-A269-4333-832C-3685BDB1DDB3}.Ad-Hoc|x86.ActiveCfg = Release|Any CPU
		{C557759D-A269-4333-832C-3685BDB1DDB3}.Ad-Hoc|x86.Build.0 = Release|Any CPU
		{C557759D-A269-4333-832C-3685BDB1DDB3}.Ad-Hoc|x86.Deploy.0 = Release|Any CPU
		{C557759D-A269-4333-832C-3685BDB1DDB3}.AppStore|Any CPU.ActiveCfg = Release|Any CPU
		{C557759D-A269-4333-832C-3685BDB1DDB3}.AppStore|Any CPU.Build.0 = Release|Any CPU
		{C557759D-A269-4333-832C-3685BDB1DDB3}.AppStore|Any CPU.Deploy.0 = Release|Any CPU
		{C557759D-A269-4333-832C-3685BDB1DDB3}.AppStore|ARM.ActiveCfg = Release|Any CPU
		{C557759D-A269-4333-832C-3685BDB1DDB3}.AppStore|ARM.Build.0 = Release|Any CPU
		{C557759D-A269-4333-832C-3685BDB1DDB3}.AppStore|ARM.Deploy.0 = Release|Any CPU
		{C557759D-A269-4333-832C-3685BDB1DDB3}.AppStore|iPhone.ActiveCfg = Release|Any CPU
		{C557759D-A269-4333-832C-3685BDB1DDB3}.AppStore|iPhone.Build.0 = Release|Any CPU
		{C557759D-A269-4333-832C-3685BDB1DDB3}.AppStore|iPhone.Deploy.0 = Release|Any CPU
		{C557759D-A269-4333-832C-3685BDB1DDB3}.AppStore|iPhoneSimulator.ActiveCfg = Release|Any CPU
		{C557759D-A269-4333-832C-3685BDB1DDB3}.AppStore|iPhoneSimulator.Build.0 = Release|Any CPU
		{C557759D-A269-4333-832C-3685BDB1DDB3}.AppStore|iPhoneSimulator.Deploy.0 = Release|Any CPU
		{C557759D-A269-4333-832C-3685BDB1DDB3}.AppStore|x64.ActiveCfg = Release|Any CPU
		{C557759D-A269-4333-832C-3685BDB1DDB3}.AppStore|x64.Build.0 = Release|Any CPU
		{C557759D-A269-4333-832C-3685BDB1DDB3}.AppStore|x64.Deploy.0 = Release|Any CPU
		{C557759D-A269-4333-832C-3685BDB1DDB3}.AppStore|x86.ActiveCfg = Release|Any CPU
		{C557759D-A269-4333-832C-3685BDB1DDB3}.AppStore|x86.Build.0 = Release|Any CPU
		{C557759D-A269-4333-832C-3685BDB1DDB3}.AppStore|x86.Deploy.0 = Release|Any CPU
		{C557759D-A269-4333-832C-3685BDB1DDB3}.Debug|Any CPU.ActiveCfg = Debug|Any CPU
		{C557759D-A269-4333-832C-3685BDB1DDB3}.Debug|Any CPU.Build.0 = Debug|Any CPU
		{C557759D-A269-4333-832C-3685BDB1DDB3}.Debug|Any CPU.Deploy.0 = Debug|Any CPU
		{C557759D-A269-4333-832C-3685BDB1DDB3}.Debug|ARM.ActiveCfg = Debug|Any CPU
		{C557759D-A269-4333-832C-3685BDB1DDB3}.Debug|ARM.Build.0 = Debug|Any CPU
		{C557759D-A269-4333-832C-3685BDB1DDB3}.Debug|ARM.Deploy.0 = Debug|Any CPU
		{C557759D-A269-4333-832C-3685BDB1DDB3}.Debug|iPhone.ActiveCfg = Debug|Any CPU
		{C557759D-A269-4333-832C-3685BDB1DDB3}.Debug|iPhone.Build.0 = Debug|Any CPU
		{C557759D-A269-4333-832C-3685BDB1DDB3}.Debug|iPhone.Deploy.0 = Debug|Any CPU
		{C557759D-A269-4333-832C-3685BDB1DDB3}.Debug|iPhoneSimulator.ActiveCfg = Debug|Any CPU
		{C557759D-A269-4333-832C-3685BDB1DDB3}.Debug|iPhoneSimulator.Build.0 = Debug|Any CPU
		{C557759D-A269-4333-832C-3685BDB1DDB3}.Debug|iPhoneSimulator.Deploy.0 = Debug|Any CPU
		{C557759D-A269-4333-832C-3685BDB1DDB3}.Debug|x64.ActiveCfg = Debug|Any CPU
		{C557759D-A269-4333-832C-3685BDB1DDB3}.Debug|x64.Build.0 = Debug|Any CPU
		{C557759D-A269-4333-832C-3685BDB1DDB3}.Debug|x64.Deploy.0 = Debug|Any CPU
		{C557759D-A269-4333-832C-3685BDB1DDB3}.Debug|x86.ActiveCfg = Debug|Any CPU
		{C557759D-A269-4333-832C-3685BDB1DDB3}.Debug|x86.Build.0 = Debug|Any CPU
		{C557759D-A269-4333-832C-3685BDB1DDB3}.Debug|x86.Deploy.0 = Debug|Any CPU
		{C557759D-A269-4333-832C-3685BDB1DDB3}.Release|Any CPU.ActiveCfg = Release|Any CPU
		{C557759D-A269-4333-832C-3685BDB1DDB3}.Release|Any CPU.Build.0 = Release|Any CPU
		{C557759D-A269-4333-832C-3685BDB1DDB3}.Release|Any CPU.Deploy.0 = Release|Any CPU
		{C557759D-A269-4333-832C-3685BDB1DDB3}.Release|ARM.ActiveCfg = Release|Any CPU
		{C557759D-A269-4333-832C-3685BDB1DDB3}.Release|ARM.Build.0 = Release|Any CPU
		{C557759D-A269-4333-832C-3685BDB1DDB3}.Release|ARM.Deploy.0 = Release|Any CPU
		{C557759D-A269-4333-832C-3685BDB1DDB3}.Release|iPhone.ActiveCfg = Release|Any CPU
		{C557759D-A269-4333-832C-3685BDB1DDB3}.Release|iPhone.Build.0 = Release|Any CPU
		{C557759D-A269-4333-832C-3685BDB1DDB3}.Release|iPhone.Deploy.0 = Release|Any CPU
		{C557759D-A269-4333-832C-3685BDB1DDB3}.Release|iPhoneSimulator.ActiveCfg = Release|Any CPU
		{C557759D-A269-4333-832C-3685BDB1DDB3}.Release|iPhoneSimulator.Build.0 = Release|Any CPU
		{C557759D-A269-4333-832C-3685BDB1DDB3}.Release|iPhoneSimulator.Deploy.0 = Release|Any CPU
		{C557759D-A269-4333-832C-3685BDB1DDB3}.Release|x64.ActiveCfg = Release|Any CPU
		{C557759D-A269-4333-832C-3685BDB1DDB3}.Release|x64.Build.0 = Release|Any CPU
		{C557759D-A269-4333-832C-3685BDB1DDB3}.Release|x64.Deploy.0 = Release|Any CPU
		{C557759D-A269-4333-832C-3685BDB1DDB3}.Release|x86.ActiveCfg = Release|Any CPU
		{C557759D-A269-4333-832C-3685BDB1DDB3}.Release|x86.Build.0 = Release|Any CPU
		{C557759D-A269-4333-832C-3685BDB1DDB3}.Release|x86.Deploy.0 = Release|Any CPU
		{5D992819-77AC-4A26-B5BE-0A9DD4C4B446}.Ad-Hoc|Any CPU.ActiveCfg = Ad-Hoc|iPhoneSimulator
		{5D992819-77AC-4A26-B5BE-0A9DD4C4B446}.Ad-Hoc|ARM.ActiveCfg = Ad-Hoc|iPhone
		{5D992819-77AC-4A26-B5BE-0A9DD4C4B446}.Ad-Hoc|iPhone.ActiveCfg = Ad-Hoc|iPhone
		{5D992819-77AC-4A26-B5BE-0A9DD4C4B446}.Ad-Hoc|iPhone.Build.0 = Ad-Hoc|iPhone
		{5D992819-77AC-4A26-B5BE-0A9DD4C4B446}.Ad-Hoc|iPhoneSimulator.ActiveCfg = Ad-Hoc|iPhoneSimulator
		{5D992819-77AC-4A26-B5BE-0A9DD4C4B446}.Ad-Hoc|iPhoneSimulator.Build.0 = Ad-Hoc|iPhoneSimulator
		{5D992819-77AC-4A26-B5BE-0A9DD4C4B446}.Ad-Hoc|x64.ActiveCfg = Ad-Hoc|iPhone
		{5D992819-77AC-4A26-B5BE-0A9DD4C4B446}.Ad-Hoc|x86.ActiveCfg = Ad-Hoc|iPhone
		{5D992819-77AC-4A26-B5BE-0A9DD4C4B446}.AppStore|Any CPU.ActiveCfg = AppStore|iPhoneSimulator
		{5D992819-77AC-4A26-B5BE-0A9DD4C4B446}.AppStore|ARM.ActiveCfg = AppStore|iPhone
		{5D992819-77AC-4A26-B5BE-0A9DD4C4B446}.AppStore|iPhone.ActiveCfg = AppStore|iPhone
		{5D992819-77AC-4A26-B5BE-0A9DD4C4B446}.AppStore|iPhone.Build.0 = AppStore|iPhone
		{5D992819-77AC-4A26-B5BE-0A9DD4C4B446}.AppStore|iPhoneSimulator.ActiveCfg = AppStore|iPhoneSimulator
		{5D992819-77AC-4A26-B5BE-0A9DD4C4B446}.AppStore|iPhoneSimulator.Build.0 = AppStore|iPhoneSimulator
		{5D992819-77AC-4A26-B5BE-0A9DD4C4B446}.AppStore|x64.ActiveCfg = AppStore|iPhone
		{5D992819-77AC-4A26-B5BE-0A9DD4C4B446}.AppStore|x86.ActiveCfg = AppStore|iPhone
		{5D992819-77AC-4A26-B5BE-0A9DD4C4B446}.Debug|Any CPU.ActiveCfg = Debug|iPhoneSimulator
		{5D992819-77AC-4A26-B5BE-0A9DD4C4B446}.Debug|ARM.ActiveCfg = Debug|iPhone
		{5D992819-77AC-4A26-B5BE-0A9DD4C4B446}.Debug|iPhone.ActiveCfg = Debug|iPhone
		{5D992819-77AC-4A26-B5BE-0A9DD4C4B446}.Debug|iPhone.Build.0 = Debug|iPhone
		{5D992819-77AC-4A26-B5BE-0A9DD4C4B446}.Debug|iPhoneSimulator.ActiveCfg = Debug|iPhoneSimulator
		{5D992819-77AC-4A26-B5BE-0A9DD4C4B446}.Debug|iPhoneSimulator.Build.0 = Debug|iPhoneSimulator
		{5D992819-77AC-4A26-B5BE-0A9DD4C4B446}.Debug|x64.ActiveCfg = Debug|iPhone
		{5D992819-77AC-4A26-B5BE-0A9DD4C4B446}.Debug|x86.ActiveCfg = Debug|iPhone
		{5D992819-77AC-4A26-B5BE-0A9DD4C4B446}.Release|Any CPU.ActiveCfg = Release|iPhoneSimulator
		{5D992819-77AC-4A26-B5BE-0A9DD4C4B446}.Release|ARM.ActiveCfg = Release|iPhone
		{5D992819-77AC-4A26-B5BE-0A9DD4C4B446}.Release|iPhone.ActiveCfg = Release|iPhone
		{5D992819-77AC-4A26-B5BE-0A9DD4C4B446}.Release|iPhone.Build.0 = Release|iPhone
		{5D992819-77AC-4A26-B5BE-0A9DD4C4B446}.Release|iPhoneSimulator.ActiveCfg = Release|iPhoneSimulator
		{5D992819-77AC-4A26-B5BE-0A9DD4C4B446}.Release|iPhoneSimulator.Build.0 = Release|iPhoneSimulator
		{5D992819-77AC-4A26-B5BE-0A9DD4C4B446}.Release|x64.ActiveCfg = Release|iPhone
		{5D992819-77AC-4A26-B5BE-0A9DD4C4B446}.Release|x86.ActiveCfg = Release|iPhone
		{C14C00FD-EC39-4254-82EB-74333ED45DBB}.Ad-Hoc|Any CPU.ActiveCfg = Debug|Any CPU
		{C14C00FD-EC39-4254-82EB-74333ED45DBB}.Ad-Hoc|Any CPU.Build.0 = Debug|Any CPU
		{C14C00FD-EC39-4254-82EB-74333ED45DBB}.Ad-Hoc|ARM.ActiveCfg = Debug|Any CPU
		{C14C00FD-EC39-4254-82EB-74333ED45DBB}.Ad-Hoc|ARM.Build.0 = Debug|Any CPU
		{C14C00FD-EC39-4254-82EB-74333ED45DBB}.Ad-Hoc|iPhone.ActiveCfg = Debug|Any CPU
		{C14C00FD-EC39-4254-82EB-74333ED45DBB}.Ad-Hoc|iPhone.Build.0 = Debug|Any CPU
		{C14C00FD-EC39-4254-82EB-74333ED45DBB}.Ad-Hoc|iPhoneSimulator.ActiveCfg = Debug|Any CPU
		{C14C00FD-EC39-4254-82EB-74333ED45DBB}.Ad-Hoc|iPhoneSimulator.Build.0 = Debug|Any CPU
		{C14C00FD-EC39-4254-82EB-74333ED45DBB}.Ad-Hoc|x64.ActiveCfg = Debug|Any CPU
		{C14C00FD-EC39-4254-82EB-74333ED45DBB}.Ad-Hoc|x64.Build.0 = Debug|Any CPU
		{C14C00FD-EC39-4254-82EB-74333ED45DBB}.Ad-Hoc|x86.ActiveCfg = Debug|Any CPU
		{C14C00FD-EC39-4254-82EB-74333ED45DBB}.Ad-Hoc|x86.Build.0 = Debug|Any CPU
		{C14C00FD-EC39-4254-82EB-74333ED45DBB}.AppStore|Any CPU.ActiveCfg = Debug|Any CPU
		{C14C00FD-EC39-4254-82EB-74333ED45DBB}.AppStore|Any CPU.Build.0 = Debug|Any CPU
		{C14C00FD-EC39-4254-82EB-74333ED45DBB}.AppStore|ARM.ActiveCfg = Debug|Any CPU
		{C14C00FD-EC39-4254-82EB-74333ED45DBB}.AppStore|ARM.Build.0 = Debug|Any CPU
		{C14C00FD-EC39-4254-82EB-74333ED45DBB}.AppStore|iPhone.ActiveCfg = Debug|Any CPU
		{C14C00FD-EC39-4254-82EB-74333ED45DBB}.AppStore|iPhone.Build.0 = Debug|Any CPU
		{C14C00FD-EC39-4254-82EB-74333ED45DBB}.AppStore|iPhoneSimulator.ActiveCfg = Debug|Any CPU
		{C14C00FD-EC39-4254-82EB-74333ED45DBB}.AppStore|iPhoneSimulator.Build.0 = Debug|Any CPU
		{C14C00FD-EC39-4254-82EB-74333ED45DBB}.AppStore|x64.ActiveCfg = Debug|Any CPU
		{C14C00FD-EC39-4254-82EB-74333ED45DBB}.AppStore|x64.Build.0 = Debug|Any CPU
		{C14C00FD-EC39-4254-82EB-74333ED45DBB}.AppStore|x86.ActiveCfg = Debug|Any CPU
		{C14C00FD-EC39-4254-82EB-74333ED45DBB}.AppStore|x86.Build.0 = Debug|Any CPU
		{C14C00FD-EC39-4254-82EB-74333ED45DBB}.Debug|Any CPU.ActiveCfg = Debug|Any CPU
		{C14C00FD-EC39-4254-82EB-74333ED45DBB}.Debug|Any CPU.Build.0 = Debug|Any CPU
		{C14C00FD-EC39-4254-82EB-74333ED45DBB}.Debug|ARM.ActiveCfg = Debug|Any CPU
		{C14C00FD-EC39-4254-82EB-74333ED45DBB}.Debug|ARM.Build.0 = Debug|Any CPU
		{C14C00FD-EC39-4254-82EB-74333ED45DBB}.Debug|iPhone.ActiveCfg = Debug|Any CPU
		{C14C00FD-EC39-4254-82EB-74333ED45DBB}.Debug|iPhone.Build.0 = Debug|Any CPU
		{C14C00FD-EC39-4254-82EB-74333ED45DBB}.Debug|iPhoneSimulator.ActiveCfg = Debug|Any CPU
		{C14C00FD-EC39-4254-82EB-74333ED45DBB}.Debug|iPhoneSimulator.Build.0 = Debug|Any CPU
		{C14C00FD-EC39-4254-82EB-74333ED45DBB}.Debug|x64.ActiveCfg = Debug|Any CPU
		{C14C00FD-EC39-4254-82EB-74333ED45DBB}.Debug|x64.Build.0 = Debug|Any CPU
		{C14C00FD-EC39-4254-82EB-74333ED45DBB}.Debug|x86.ActiveCfg = Debug|Any CPU
		{C14C00FD-EC39-4254-82EB-74333ED45DBB}.Debug|x86.Build.0 = Debug|Any CPU
		{C14C00FD-EC39-4254-82EB-74333ED45DBB}.Release|Any CPU.ActiveCfg = Release|Any CPU
		{C14C00FD-EC39-4254-82EB-74333ED45DBB}.Release|Any CPU.Build.0 = Release|Any CPU
		{C14C00FD-EC39-4254-82EB-74333ED45DBB}.Release|ARM.ActiveCfg = Release|Any CPU
		{C14C00FD-EC39-4254-82EB-74333ED45DBB}.Release|ARM.Build.0 = Release|Any CPU
		{C14C00FD-EC39-4254-82EB-74333ED45DBB}.Release|iPhone.ActiveCfg = Release|Any CPU
		{C14C00FD-EC39-4254-82EB-74333ED45DBB}.Release|iPhone.Build.0 = Release|Any CPU
		{C14C00FD-EC39-4254-82EB-74333ED45DBB}.Release|iPhoneSimulator.ActiveCfg = Release|Any CPU
		{C14C00FD-EC39-4254-82EB-74333ED45DBB}.Release|iPhoneSimulator.Build.0 = Release|Any CPU
		{C14C00FD-EC39-4254-82EB-74333ED45DBB}.Release|x64.ActiveCfg = Release|Any CPU
		{C14C00FD-EC39-4254-82EB-74333ED45DBB}.Release|x64.Build.0 = Release|Any CPU
		{C14C00FD-EC39-4254-82EB-74333ED45DBB}.Release|x86.ActiveCfg = Release|Any CPU
		{C14C00FD-EC39-4254-82EB-74333ED45DBB}.Release|x86.Build.0 = Release|Any CPU
	EndGlobalSection
	GlobalSection(SolutionProperties) = preSolution
		HideSolutionNode = FALSE
	EndGlobalSection
	GlobalSection(ExtensibilityGlobals) = postSolution
		SolutionGuid = {2628E5E2-C1FA-470D-ACE6-93C7FE2B84B9}
	EndGlobalSection
EndGlobal
